# This file was autogenerated by Stack.
# You should not edit this file by hand.
# For more information, please see the documentation at:
#   https://docs.haskellstack.org/en/stable/lock_files

packages:
- completed:
    hackage: ansi-terminal-types-1.1@sha256:135f6a381afa19d53d0a3fe40b6dd47e6666c538b09e4300fbb1438759df3248,1462
    pantry-tree:
      sha256: a0a28ef7a7d3a8e69c6bd45c7e6dddf24c17477714fc4135de3138a36e98b16a
      size: 291
  original:
    hackage: ansi-terminal-types-1.1
- completed:
    hackage: ansi-terminal-1.1.2@sha256:8e669f090aa3b9a62ef78f687dda12a19231ee163d2084522464036980a322ea,2758
    pantry-tree:
      sha256: 3c533b6c2d3c59606365a7c5ab3ca9addf09482c374f33328a5c0c907d5c2996
      size: 1184
  original:
    hackage: ansi-terminal-1.1.2
- completed:
    hackage: Chart-1.9.5@sha256:9890e2f5c9de214926225bccd5e1565b1a9ade39af42f5b95a58435fac423fa9,2972
    pantry-tree:
      sha256: d4f901c29866d54f7436831948e4c96c20ffc97349a74af29a073e3a9e9dbb57
      size: 3032
  original:
    hackage: Chart-1.9.5
- completed:
    hackage: Chart-cairo-1.9.4.1@sha256:2b973fa427ec23e5c5e975d4ad035fe24647df4ce5769f8d0da2049db2da8466,1067
    pantry-tree:
      sha256: 2a5ddb11aac1273a558cf11a857c6332e659cdae2e62addc6ebcc362b4473873
      size: 239
  original:
    hackage: Chart-cairo-1.9.4.1
snapshots:
- completed:
    sha256: a81fb3877c4f9031e1325eb3935122e608d80715dc16b586eb11ddbff8671ecd
    size: 640086
    url: https://raw.githubusercontent.com/commercialhaskell/stackage-snapshots/master/lts/21/25.yaml
  original: lts-21.25
